
Microsoft Visual Studio Solution File, Format Version 12.00
# Visual Studio Version 16
VisualStudioVersion = 16.0.32228.343
MinimumVisualStudioVersion = 10.0.40219.1
Project("{FAE04EC0-301F-11D3-BF4B-00C04F79EFBC}") = "TigerTix.web", "TigerTix.web\TigerTix.web.csproj", "{CA980847-CBE5-4B30-9AFB-41C6EAC82EA0}"
EndProject
Global
	GlobalSection(SolutionConfigurationPlatforms) = preSolution
		Debug|Any CPU = Debug|Any CPU
		Release|Any CPU = Release|Any CPU
	EndGlobalSection
	GlobalSection(ProjectConfigurationPlatforms) = postSolution
		{CA980847-CBE5-4B30-9AFB-41C6EAC82EA0}.Debug|Any CPU.ActiveCfg = Debug|Any CPU
		{CA980847-CBE5-4B30-9AFB-41C6EAC82EA0}.Debug|Any CPU.Build.0 = Debug|Any CPU
		{CA980847-CBE5-4B30-9AFB-41C6EAC82EA0}.Release|Any CPU.ActiveCfg = Release|Any CPU
		{CA980847-CBE5-4B30-9AFB-41C6EAC82EA0}.Release|Any CPU.Build.0 = Release|Any CPU
	EndGlobalSection
	GlobalSection(SolutionProperties) = preSolution
		HideSolutionNode = FALSE
	EndGlobalSection
	GlobalSection(ExtensibilityGlobals) = postSolution
		SolutionGuid = {773C8D27-656D-42A4-B6EF-DB071D2DAD20}
	EndGlobalSection
EndGlobal
